
Microsoft Visual Studio Solution File, Format Version 12.00
# Visual Studio Version 16
VisualStudioVersion = 16.0.30907.101
MinimumVisualStudioVersion = 10.0.40219.1
Project("{FAE04EC0-301F-11D3-BF4B-00C04F79EFBC}") = "WindowsFormsApp", "WindowsFormsApp\WindowsFormsApp.csproj", "{971D6689-80E6-4EDC-BF5D-33F1D089026A}"
EndProject
Project("{2150E333-8FDC-42A3-9474-1A3956D46DE8}") = "Solution Items", "Solution Items", "{49F5FFAD-E87B-43A3-ADD3-3260E2448B18}"
	ProjectSection(SolutionItems) = preProject
		.editorconfig = .editorconfig
	EndProjectSection
EndProject
Global
	GlobalSection(SolutionConfigurationPlatforms) = preSolution
		Debug|Any CPU = Debug|Any CPU
		Release|Any CPU = Release|Any CPU
	EndGlobalSection
	GlobalSection(ProjectConfigurationPlatforms) = postSolution
		{971D6689-80E6-4EDC-BF5D-33F1D089026A}.Debug|Any CPU.ActiveCfg = Debug|Any CPU
		{971D6689-80E6-4EDC-BF5D-33F1D089026A}.Debug|Any CPU.Build.0 = Debug|Any CPU
		{971D6689-80E6-4EDC-BF5D-33F1D089026A}.Release|Any CPU.ActiveCfg = Release|Any CPU
		{971D6689-80E6-4EDC-BF5D-33F1D089026A}.Release|Any CPU.Build.0 = Release|Any CPU
	EndGlobalSection
	GlobalSection(SolutionProperties) = preSolution
		HideSolutionNode = FALSE
	EndGlobalSection
	GlobalSection(ExtensibilityGlobals) = postSolution
		SolutionGuid = {73036AB9-523F-4AB6-A896-DFF78ED44AB3}
	EndGlobalSection
EndGlobal
